
Microsoft Visual Studio Solution File, Format Version 12.00
# Visual Studio Version 17
VisualStudioVersion = 17.5.33326.253
MinimumVisualStudioVersion = 10.0.40219.1
Project("{9A19103F-16F7-4668-BE54-9A1E7A4F7556}") = "Ksnm.Units", "Ksnm.Units\Ksnm.Units.csproj", "{8E3C53E2-7763-4E8F-8816-33839F5012D0}"
EndProject
Project("{9A19103F-16F7-4668-BE54-9A1E7A4F7556}") = "UnitsTests", "UnitsTests\UnitsTests.csproj", "{A4F8B4BE-5885-46A8-949D-82267D9229B0}"
EndProject
Project("{9A19103F-16F7-4668-BE54-9A1E7A4F7556}") = "DemoApp", "DemoApp\DemoApp.csproj", "{2169A01B-B0A5-4B46-A4C3-EACF444C77B4}"
EndProject
Global
	GlobalSection(SolutionConfigurationPlatforms) = preSolution
		Debug|Any CPU = Debug|Any CPU
		Release|Any CPU = Release|Any CPU
	EndGlobalSection
	GlobalSection(ProjectConfigurationPlatforms) = postSolution
		{8E3C53E2-7763-4E8F-8816-33839F5012D0}.Debug|Any CPU.ActiveCfg = Debug|Any CPU
		{8E3C53E2-7763-4E8F-8816-33839F5012D0}.Debug|Any CPU.Build.0 = Debug|Any CPU
		{8E3C53E2-7763-4E8F-8816-33839F5012D0}.Release|Any CPU.ActiveCfg = Release|Any CPU
		{8E3C53E2-7763-4E8F-8816-33839F5012D0}.Release|Any CPU.Build.0 = Release|Any CPU
		{A4F8B4BE-5885-46A8-949D-82267D9229B0}.Debug|Any CPU.ActiveCfg = Debug|Any CPU
		{A4F8B4BE-5885-46A8-949D-82267D9229B0}.Debug|Any CPU.Build.0 = Debug|Any CPU
		{A4F8B4BE-5885-46A8-949D-82267D9229B0}.Release|Any CPU.ActiveCfg = Release|Any CPU
		{A4F8B4BE-5885-46A8-949D-82267D9229B0}.Release|Any CPU.Build.0 = Release|Any CPU
		{2169A01B-B0A5-4B46-A4C3-EACF444C77B4}.Debug|Any CPU.ActiveCfg = Debug|Any CPU
		{2169A01B-B0A5-4B46-A4C3-EACF444C77B4}.Debug|Any CPU.Build.0 = Debug|Any CPU
		{2169A01B-B0A5-4B46-A4C3-EACF444C77B4}.Release|Any CPU.ActiveCfg = Release|Any CPU
		{2169A01B-B0A5-4B46-A4C3-EACF444C77B4}.Release|Any CPU.Build.0 = Release|Any CPU
	EndGlobalSection
	GlobalSection(SolutionProperties) = preSolution
		HideSolutionNode = FALSE
	EndGlobalSection
	GlobalSection(ExtensibilityGlobals) = postSolution
		SolutionGuid = {DE2DD758-AF10-4901-B807-01039AC520D0}
	EndGlobalSection
EndGlobal
